
Microsoft Visual Studio Solution File, Format Version 12.00
# Visual Studio Version 17
VisualStudioVersion = 17.8.34408.163
MinimumVisualStudioVersion = 10.0.40219.1
Project("{FAE04EC0-301F-11D3-BF4B-00C04F79EFBC}") = "01.RandomStrings", "01.RandomStrings\01.RandomStrings.csproj", "{3D3F7121-170A-4D4D-A9D9-574696456B57}"
EndProject
Project("{FAE04EC0-301F-11D3-BF4B-00C04F79EFBC}") = "02.NFactorial", "02.NFactorial\02.NFactorial.csproj", "{F24996EB-7A27-4F90-AC2D-7A0E1A8497B4}"
EndProject
Global
	GlobalSection(SolutionConfigurationPlatforms) = preSolution
		Debug|Any CPU = Debug|Any CPU
		Release|Any CPU = Release|Any CPU
	EndGlobalSection
	GlobalSection(ProjectConfigurationPlatforms) = postSolution
		{3D3F7121-170A-4D4D-A9D9-574696456B57}.Debug|Any CPU.ActiveCfg = Debug|Any CPU
		{3D3F7121-170A-4D4D-A9D9-574696456B57}.Debug|Any CPU.Build.0 = Debug|Any CPU
		{3D3F7121-170A-4D4D-A9D9-574696456B57}.Release|Any CPU.ActiveCfg = Release|Any CPU
		{3D3F7121-170A-4D4D-A9D9-574696456B57}.Release|Any CPU.Build.0 = Release|Any CPU
		{F24996EB-7A27-4F90-AC2D-7A0E1A8497B4}.Debug|Any CPU.ActiveCfg = Debug|Any CPU
		{F24996EB-7A27-4F90-AC2D-7A0E1A8497B4}.Debug|Any CPU.Build.0 = Debug|Any CPU
		{F24996EB-7A27-4F90-AC2D-7A0E1A8497B4}.Release|Any CPU.ActiveCfg = Release|Any CPU
		{F24996EB-7A27-4F90-AC2D-7A0E1A8497B4}.Release|Any CPU.Build.0 = Release|Any CPU
	EndGlobalSection
	GlobalSection(SolutionProperties) = preSolution
		HideSolutionNode = FALSE
	EndGlobalSection
	GlobalSection(ExtensibilityGlobals) = postSolution
		SolutionGuid = {397AA09E-2A8B-40CA-9DC9-998DFA13CC27}
	EndGlobalSection
EndGlobal
