
Microsoft Visual Studio Solution File, Format Version 12.00
# Visual Studio Version 17
VisualStudioVersion = 17.8.34408.163
MinimumVisualStudioVersion = 10.0.40219.1
Project("{9A19103F-16F7-4668-BE54-9A1E7A4F7556}") = "02.ChangeList", "02.ChangeList\02.ChangeList.csproj", "{E38C8FCA-8CEA-4D35-99DD-090EF6AA0734}"
EndProject
Project("{FAE04EC0-301F-11D3-BF4B-00C04F79EFBC}") = "01.Train", "01.Train\01.Train.csproj", "{BFCCE19F-391C-4BE0-BA21-1B963CCBE0BE}"
EndProject
Project("{FAE04EC0-301F-11D3-BF4B-00C04F79EFBC}") = "03.AppendArray", "03.AppendArray\03.AppendArray.csproj", "{89BB5A4D-C3FD-49D4-AA18-973B941C0E0A}"
EndProject
Global
	GlobalSection(SolutionConfigurationPlatforms) = preSolution
		Debug|Any CPU = Debug|Any CPU
		Release|Any CPU = Release|Any CPU
	EndGlobalSection
	GlobalSection(ProjectConfigurationPlatforms) = postSolution
		{E38C8FCA-8CEA-4D35-99DD-090EF6AA0734}.Debug|Any CPU.ActiveCfg = Debug|Any CPU
		{E38C8FCA-8CEA-4D35-99DD-090EF6AA0734}.Debug|Any CPU.Build.0 = Debug|Any CPU
		{E38C8FCA-8CEA-4D35-99DD-090EF6AA0734}.Release|Any CPU.ActiveCfg = Release|Any CPU
		{E38C8FCA-8CEA-4D35-99DD-090EF6AA0734}.Release|Any CPU.Build.0 = Release|Any CPU
		{BFCCE19F-391C-4BE0-BA21-1B963CCBE0BE}.Debug|Any CPU.ActiveCfg = Debug|Any CPU
		{BFCCE19F-391C-4BE0-BA21-1B963CCBE0BE}.Debug|Any CPU.Build.0 = Debug|Any CPU
		{BFCCE19F-391C-4BE0-BA21-1B963CCBE0BE}.Release|Any CPU.ActiveCfg = Release|Any CPU
		{BFCCE19F-391C-4BE0-BA21-1B963CCBE0BE}.Release|Any CPU.Build.0 = Release|Any CPU
		{89BB5A4D-C3FD-49D4-AA18-973B941C0E0A}.Debug|Any CPU.ActiveCfg = Debug|Any CPU
		{89BB5A4D-C3FD-49D4-AA18-973B941C0E0A}.Debug|Any CPU.Build.0 = Debug|Any CPU
		{89BB5A4D-C3FD-49D4-AA18-973B941C0E0A}.Release|Any CPU.ActiveCfg = Release|Any CPU
		{89BB5A4D-C3FD-49D4-AA18-973B941C0E0A}.Release|Any CPU.Build.0 = Release|Any CPU
	EndGlobalSection
	GlobalSection(SolutionProperties) = preSolution
		HideSolutionNode = FALSE
	EndGlobalSection
	GlobalSection(ExtensibilityGlobals) = postSolution
		SolutionGuid = {7B88D3C9-6EF2-4C2E-89C5-471D36237AF4}
	EndGlobalSection
EndGlobal
