
Microsoft Visual Studio Solution File, Format Version 12.00
# Visual Studio Version 17
VisualStudioVersion = 17.8.34408.163
MinimumVisualStudioVersion = 10.0.40219.1
Project("{9A19103F-16F7-4668-BE54-9A1E7A4F7556}") = "01.Train", "01.Train\01.Train.csproj", "{7368256D-751E-4B4D-97C8-985A3B2D4FDB}"
EndProject
Project("{FAE04EC0-301F-11D3-BF4B-00C04F79EFBC}") = "02.CommonElements", "02.CommonElements\02.CommonElements.csproj", "{E54726A8-61AF-421C-9A90-5104D18D1A8E}"
EndProject
Project("{FAE04EC0-301F-11D3-BF4B-00C04F79EFBC}") = "03.zigZagArray", "03.zigZagArray\03.zigZagArray.csproj", "{0F85F29B-51BE-40B0-AE8F-E402783F38E0}"
EndProject
Project("{FAE04EC0-301F-11D3-BF4B-00C04F79EFBC}") = "04.ArrayRotation", "04.ArrayRotation\04.ArrayRotation.csproj", "{1E82016B-F873-4950-BC44-4382CC3825A4}"
EndProject
Project("{FAE04EC0-301F-11D3-BF4B-00C04F79EFBC}") = "05.CondanceArrayToNumber", "05.CondanceArrayToNumber\05.CondanceArrayToNumber.csproj", "{83269FC7-F905-4E67-ADFA-D6DE699F5817}"
EndProject
Global
	GlobalSection(SolutionConfigurationPlatforms) = preSolution
		Debug|Any CPU = Debug|Any CPU
		Release|Any CPU = Release|Any CPU
	EndGlobalSection
	GlobalSection(ProjectConfigurationPlatforms) = postSolution
		{7368256D-751E-4B4D-97C8-985A3B2D4FDB}.Debug|Any CPU.ActiveCfg = Debug|Any CPU
		{7368256D-751E-4B4D-97C8-985A3B2D4FDB}.Debug|Any CPU.Build.0 = Debug|Any CPU
		{7368256D-751E-4B4D-97C8-985A3B2D4FDB}.Release|Any CPU.ActiveCfg = Release|Any CPU
		{7368256D-751E-4B4D-97C8-985A3B2D4FDB}.Release|Any CPU.Build.0 = Release|Any CPU
		{E54726A8-61AF-421C-9A90-5104D18D1A8E}.Debug|Any CPU.ActiveCfg = Debug|Any CPU
		{E54726A8-61AF-421C-9A90-5104D18D1A8E}.Debug|Any CPU.Build.0 = Debug|Any CPU
		{E54726A8-61AF-421C-9A90-5104D18D1A8E}.Release|Any CPU.ActiveCfg = Release|Any CPU
		{E54726A8-61AF-421C-9A90-5104D18D1A8E}.Release|Any CPU.Build.0 = Release|Any CPU
		{0F85F29B-51BE-40B0-AE8F-E402783F38E0}.Debug|Any CPU.ActiveCfg = Debug|Any CPU
		{0F85F29B-51BE-40B0-AE8F-E402783F38E0}.Debug|Any CPU.Build.0 = Debug|Any CPU
		{0F85F29B-51BE-40B0-AE8F-E402783F38E0}.Release|Any CPU.ActiveCfg = Release|Any CPU
		{0F85F29B-51BE-40B0-AE8F-E402783F38E0}.Release|Any CPU.Build.0 = Release|Any CPU
		{1E82016B-F873-4950-BC44-4382CC3825A4}.Debug|Any CPU.ActiveCfg = Debug|Any CPU
		{1E82016B-F873-4950-BC44-4382CC3825A4}.Debug|Any CPU.Build.0 = Debug|Any CPU
		{1E82016B-F873-4950-BC44-4382CC3825A4}.Release|Any CPU.ActiveCfg = Release|Any CPU
		{1E82016B-F873-4950-BC44-4382CC3825A4}.Release|Any CPU.Build.0 = Release|Any CPU
		{83269FC7-F905-4E67-ADFA-D6DE699F5817}.Debug|Any CPU.ActiveCfg = Debug|Any CPU
		{83269FC7-F905-4E67-ADFA-D6DE699F5817}.Debug|Any CPU.Build.0 = Debug|Any CPU
		{83269FC7-F905-4E67-ADFA-D6DE699F5817}.Release|Any CPU.ActiveCfg = Release|Any CPU
		{83269FC7-F905-4E67-ADFA-D6DE699F5817}.Release|Any CPU.Build.0 = Release|Any CPU
	EndGlobalSection
	GlobalSection(SolutionProperties) = preSolution
		HideSolutionNode = FALSE
	EndGlobalSection
	GlobalSection(ExtensibilityGlobals) = postSolution
		SolutionGuid = {CCC26DBC-63AB-435E-A6EE-404244250461}
	EndGlobalSection
EndGlobal
